
Microsoft Visual Studio Solution File, Format Version 12.00
# Visual Studio Version 16
VisualStudioVersion = 16.0.33801.447
MinimumVisualStudioVersion = 10.0.40219.1
Project("{FAE04EC0-301F-11D3-BF4B-00C04F79EFBC}") = "DiniVakitler", "DiniVakitler\DiniVakitler.csproj", "{DCF5B8AC-6ED6-4449-99F8-2CF219D5358C}"
EndProject
Global
	GlobalSection(SolutionConfigurationPlatforms) = preSolution
		Debug|Any CPU = Debug|Any CPU
		Release|Any CPU = Release|Any CPU
	EndGlobalSection
	GlobalSection(ProjectConfigurationPlatforms) = postSolution
		{DCF5B8AC-6ED6-4449-99F8-2CF219D5358C}.Debug|Any CPU.ActiveCfg = Debug|Any CPU
		{DCF5B8AC-6ED6-4449-99F8-2CF219D5358C}.Debug|Any CPU.Build.0 = Debug|Any CPU
		{DCF5B8AC-6ED6-4449-99F8-2CF219D5358C}.Release|Any CPU.ActiveCfg = Release|Any CPU
		{DCF5B8AC-6ED6-4449-99F8-2CF219D5358C}.Release|Any CPU.Build.0 = Release|Any CPU
	EndGlobalSection
	GlobalSection(SolutionProperties) = preSolution
		HideSolutionNode = FALSE
	EndGlobalSection
	GlobalSection(ExtensibilityGlobals) = postSolution
		SolutionGuid = {4D7B9B77-5634-4C7D-915C-E6F957C670CE}
	EndGlobalSection
EndGlobal
